
Microsoft Visual Studio Solution File, Format Version 12.00
# Visual Studio Version 17
VisualStudioVersion = 17.14.36310.24 d17.14
MinimumVisualStudioVersion = 10.0.40219.1
Project("{FAE04EC0-301F-11D3-BF4B-00C04F79EFBC}") = "WinFormsApp5", "WinFormsApp5\WinFormsApp5.csproj", "{CB4D014D-FDDF-4423-8355-BFB5B9498C0E}"
EndProject
Global
	GlobalSection(SolutionConfigurationPlatforms) = preSolution
		Debug|Any CPU = Debug|Any CPU
		Release|Any CPU = Release|Any CPU
	EndGlobalSection
	GlobalSection(ProjectConfigurationPlatforms) = postSolution
		{CB4D014D-FDDF-4423-8355-BFB5B9498C0E}.Debug|Any CPU.ActiveCfg = Debug|Any CPU
		{CB4D014D-FDDF-4423-8355-BFB5B9498C0E}.Debug|Any CPU.Build.0 = Debug|Any CPU
		{CB4D014D-FDDF-4423-8355-BFB5B9498C0E}.Release|Any CPU.ActiveCfg = Release|Any CPU
		{CB4D014D-FDDF-4423-8355-BFB5B9498C0E}.Release|Any CPU.Build.0 = Release|Any CPU
	EndGlobalSection
	GlobalSection(SolutionProperties) = preSolution
		HideSolutionNode = FALSE
	EndGlobalSection
	GlobalSection(ExtensibilityGlobals) = postSolution
		SolutionGuid = {8FA3E716-DEA3-4306-B2C8-84862C77C107}
	EndGlobalSection
EndGlobal
